PODS:
  - boost (1.76.0)
  - BVLinearGradient (2.8.3):
    - React-Core
  - DoubleConversion (1.1.6)
  - FBLazyVector (0.71.16)
  - FBReactNativeSpec (0.71.16):
    - RCT-Folly (= 2021.07.22.00)
    - RCTRequired (= 0.71.16)
    - RCTTypeSafety (= 0.71.16)
    - React-Core (= 0.71.16)
    - React-jsi (= 0.71.16)
    - ReactCommon/turbomodule/core (= 0.71.16)
  - fmt (6.2.1)
  - glog (0.3.5)
  - hermes-engine (0.71.16):
    - hermes-engine/Pre-built (= 0.71.16)
  - hermes-engine/Pre-built (0.71.16)
  - libevent (2.1.12)
  - RCT-Folly (2021.07.22.00):
    - boost
    - DoubleConversion
    - fmt (~> 6.2.1)
    - glog
    - RCT-Folly/Default (= 2021.07.22.00)
  - RCT-Folly/Default (2021.07.22.00):
    - boost
    - DoubleConversion
    - fmt (~> 6.2.1)
    - glog
  - RCT-Folly/Futures (2021.07.22.00):
    - boost
    - DoubleConversion
    - fmt (~> 6.2.1)
    - glog
    - libevent
  - RCTRequired (0.71.16)
  - RCTTypeSafety (0.71.16):
    - FBLazyVector (= 0.71.16)
    - RCTRequired (= 0.71.16)
    - React-Core (= 0.71.16)
  - React (0.71.16):
    - React-Core (= 0.71.16)
    - React-Core/DevSupport (= 0.71.16)
    - React-Core/RCTWebSocket (= 0.71.16)
    - React-RCTActionSheet (= 0.71.16)
    - React-RCTAnimation (= 0.71.16)
    - React-RCTBlob (= 0.71.16)
    - React-RCTImage (= 0.71.16)
    - React-RCTLinking (= 0.71.16)
    - React-RCTNetwork (= 0.71.16)
    - React-RCTSettings (= 0.71.16)
    - React-RCTText (= 0.71.16)
    - React-RCTVibration (= 0.71.16)
  - React-callinvoker (0.71.16)
  - React-Codegen (0.71.16):
    - FBReactNativeSpec
    - hermes-engine
    - RCT-Folly
    - RCTRequired
    - RCTTypeSafety
    - React-Core
    - React-jsi
    - React-jsiexecutor
    - ReactCommon/turbomodule/bridging
    - ReactCommon/turbomodule/core
  - React-Core (0.71.16):
    - glog
    - hermes-engine
    - RCT-Folly (= 2021.07.22.00)
    - React-Core/Default (= 0.71.16)
    - React-cxxreact (= 0.71.16)
    - React-hermes
    - React-jsi (= 0.71.16)
    - React-jsiexecutor (= 0.71.16)
    - React-perflogger (= 0.71.16)
    - Yoga
  - React-Core/CoreModulesHeaders (0.71.16):
    - glog
    - hermes-engine
    - RCT-Folly (= 2021.07.22.00)
    - React-Core/Default
    - React-cxxreact (= 0.71.16)
    - React-hermes
    - React-jsi (= 0.71.16)
    - React-jsiexecutor (= 0.71.16)
    - React-perflogger (= 0.71.16)
    - Yoga
  - React-Core/Default (0.71.16):
    - glog
    - hermes-engine
    - RCT-Folly (= 2021.07.22.00)
    - React-cxxreact (= 0.71.16)
    - React-hermes
    - React-jsi (= 0.71.16)
    - React-jsiexecutor (= 0.71.16)
    - React-perflogger (= 0.71.16)
    - Yoga
  - React-Core/DevSupport (0.71.16):
    - glog
    - hermes-engine
    - RCT-Folly (= 2021.07.22.00)
    - React-Core/Default (= 0.71.16)
    - React-Core/RCTWebSocket (= 0.71.16)
    - React-cxxreact (= 0.71.16)
    - React-hermes
    - React-jsi (= 0.71.16)
    - React-jsiexecutor (= 0.71.16)
    - React-jsinspector (= 0.71.16)
    - React-perflogger (= 0.71.16)
    - Yoga
  - React-Core/RCTActionSheetHeaders (0.71.16):
    - glog
    - hermes-engine
    - RCT-Folly (= 2021.07.22.00)
    - React-Core/Default
    - React-cxxreact (= 0.71.16)
    - React-hermes
    - React-jsi (= 0.71.16)
    - React-jsiexecutor (= 0.71.16)
    - React-perflogger (= 0.71.16)
    - Yoga
  - React-Core/RCTAnimationHeaders (0.71.16):
    - glog
    - hermes-engine
    - RCT-Folly (= 2021.07.22.00)
    - React-Core/Default
    - React-cxxreact (= 0.71.16)
    - React-hermes
    - React-jsi (= 0.71.16)
    - React-jsiexecutor (= 0.71.16)
    - React-perflogger (= 0.71.16)
    - Yoga
  - React-Core/RCTBlobHeaders (0.71.16):
    - glog
    - hermes-engine
    - RCT-Folly (= 2021.07.22.00)
    - React-Core/Default
    - React-cxxreact (= 0.71.16)
    - React-hermes
    - React-jsi (= 0.71.16)
    - React-jsiexecutor (= 0.71.16)
    - React-perflogger (= 0.71.16)
    - Yoga
  - React-Core/RCTImageHeaders (0.71.16):
    - glog
    - hermes-engine
    - RCT-Folly (= 2021.07.22.00)
    - React-Core/Default
    - React-cxxreact (= 0.71.16)
    - React-hermes
    - React-jsi (= 0.71.16)
    - React-jsiexecutor (= 0.71.16)
    - React-perflogger (= 0.71.16)
    - Yoga
  - React-Core/RCTLinkingHeaders (0.71.16):
    - glog
    - hermes-engine
    - RCT-Folly (= 2021.07.22.00)
    - React-Core/Default
    - React-cxxreact (= 0.71.16)
    - React-hermes
    - React-jsi (= 0.71.16)
    - React-jsiexecutor (= 0.71.16)
    - React-perflogger (= 0.71.16)
    - Yoga
  - React-Core/RCTNetworkHeaders (0.71.16):
    - glog
    - hermes-engine
    - RCT-Folly (= 2021.07.22.00)
    - React-Core/Default
    - React-cxxreact (= 0.71.16)
    - React-hermes
    - React-jsi (= 0.71.16)
    - React-jsiexecutor (= 0.71.16)
    - React-perflogger (= 0.71.16)
    - Yoga
  - React-Core/RCTSettingsHeaders (0.71.16):
    - glog
    - hermes-engine
    - RCT-Folly (= 2021.07.22.00)
    - React-Core/Default
    - React-cxxreact (= 0.71.16)
    - React-hermes
    - React-jsi (= 0.71.16)
    - React-jsiexecutor (= 0.71.16)
    - React-perflogger (= 0.71.16)
    - Yoga
  - React-Core/RCTTextHeaders (0.71.16):
    - glog
    - hermes-engine
    - RCT-Folly (= 2021.07.22.00)
    - React-Core/Default
    - React-cxxreact (= 0.71.16)
    - React-hermes
    - React-jsi (= 0.71.16)
    - React-jsiexecutor (= 0.71.16)
    - React-perflogger (= 0.71.16)
    - Yoga
  - React-Core/RCTVibrationHeaders (0.71.16):
    - glog
    - hermes-engine
    - RCT-Folly (= 2021.07.22.00)
    - React-Core/Default
    - React-cxxreact (= 0.71.16)
    - React-hermes
    - React-jsi (= 0.71.16)
    - React-jsiexecutor (= 0.71.16)
    - React-perflogger (= 0.71.16)
    - Yoga
  - React-Core/RCTWebSocket (0.71.16):
    - glog
    - hermes-engine
    - RCT-Folly (= 2021.07.22.00)
    - React-Core/Default (= 0.71.16)
    - React-cxxreact (= 0.71.16)
    - React-hermes
    - React-jsi (= 0.71.16)
    - React-jsiexecutor (= 0.71.16)
    - React-perflogger (= 0.71.16)
    - Yoga
  - React-CoreModules (0.71.16):
    - RCT-Folly (= 2021.07.22.00)
    - RCTTypeSafety (= 0.71.16)
    - React-Codegen (= 0.71.16)
    - React-Core/CoreModulesHeaders (= 0.71.16)
    - React-jsi (= 0.71.16)
    - React-RCTBlob
    - React-RCTImage (= 0.71.16)
    - ReactCommon/turbomodule/core (= 0.71.16)
  - React-cxxreact (0.71.16):
    - boost (= 1.76.0)
    - DoubleConversion
    - glog
    - hermes-engine
    - RCT-Folly (= 2021.07.22.00)
    - React-callinvoker (= 0.71.16)
    - React-jsi (= 0.71.16)
    - React-jsinspector (= 0.71.16)
    - React-logger (= 0.71.16)
    - React-perflogger (= 0.71.16)
    - React-runtimeexecutor (= 0.71.16)
  - React-hermes (0.71.16):
    - DoubleConversion
    - glog
    - hermes-engine
    - RCT-Folly (= 2021.07.22.00)
    - RCT-Folly/Futures (= 2021.07.22.00)
    - React-cxxreact (= 0.71.16)
    - React-jsi
    - React-jsiexecutor (= 0.71.16)
    - React-jsinspector (= 0.71.16)
    - React-perflogger (= 0.71.16)
  - React-jsi (0.71.16):
    - boost (= 1.76.0)
    - DoubleConversion
    - glog
    - hermes-engine
    - RCT-Folly (= 2021.07.22.00)
  - React-jsiexecutor (0.71.16):
    - DoubleConversion
    - glog
    - hermes-engine
    - RCT-Folly (= 2021.07.22.00)
    - React-cxxreact (= 0.71.16)
    - React-jsi (= 0.71.16)
    - React-perflogger (= 0.71.16)
  - React-jsinspector (0.71.16)
  - React-logger (0.71.16):
    - glog
  - react-native-cameraroll (5.9.0):
    - React-Core
  - react-native-config (1.5.0):
    - react-native-config/App (= 1.5.0)
  - react-native-config/App (1.5.0):
    - React-Core
  - react-native-exif-reader (0.2.3):
    - React-Core
  - react-native-geocoder-reborn (0.9.0):
    - React
  - react-native-geolocation (3.1.0):
    - React-Core
  - react-native-image-picker (7.0.0):
    - React-Core
  - react-native-image-resizer (3.0.7):
    - React-Core
  - react-native-keep-awake (1.1.0):
    - React-Core
  - react-native-mail (6.1.1):
    - React-Core
  - react-native-maps (1.8.0):
    - React-Core
  - react-native-netinfo (9.4.1):
    - React-Core
  - react-native-orientation-locker (1.5.0):
    - React-Core
  - react-native-render-html (6.3.4):
    - React-Core
  - react-native-safe-area-context (4.7.4):
    - React-Core
  - react-native-sensitive-info (6.0.0-alpha.9):
    - React-Core
  - react-native-webview (11.26.1):
    - React-Core
  - react-native-worklets-core (0.3.0):
    - React
    - React-callinvoker
    - React-Core
  - React-perflogger (0.71.16)
  - React-RCTActionSheet (0.71.16):
    - React-Core/RCTActionSheetHeaders (= 0.71.16)
  - React-RCTAnimation (0.71.16):
    - RCT-Folly (= 2021.07.22.00)
    - RCTTypeSafety (= 0.71.16)
    - React-Codegen (= 0.71.16)
    - React-Core/RCTAnimationHeaders (= 0.71.16)
    - React-jsi (= 0.71.16)
    - ReactCommon/turbomodule/core (= 0.71.16)
  - React-RCTAppDelegate (0.71.16):
    - RCT-Folly
    - RCTRequired
    - RCTTypeSafety
    - React-Core
    - ReactCommon/turbomodule/core
  - React-RCTBlob (0.71.16):
    - hermes-engine
    - RCT-Folly (= 2021.07.22.00)
    - React-Codegen (= 0.71.16)
    - React-Core/RCTBlobHeaders (= 0.71.16)
    - React-Core/RCTWebSocket (= 0.71.16)
    - React-jsi (= 0.71.16)
    - React-RCTNetwork (= 0.71.16)
    - ReactCommon/turbomodule/core (= 0.71.16)
  - React-RCTImage (0.71.16):
    - RCT-Folly (= 2021.07.22.00)
    - RCTTypeSafety (= 0.71.16)
    - React-Codegen (= 0.71.16)
    - React-Core/RCTImageHeaders (= 0.71.16)
    - React-jsi (= 0.71.16)
    - React-RCTNetwork (= 0.71.16)
    - ReactCommon/turbomodule/core (= 0.71.16)
  - React-RCTLinking (0.71.16):
    - React-Codegen (= 0.71.16)
    - React-Core/RCTLinkingHeaders (= 0.71.16)
    - React-jsi (= 0.71.16)
    - ReactCommon/turbomodule/core (= 0.71.16)
  - React-RCTNetwork (0.71.16):
    - RCT-Folly (= 2021.07.22.00)
    - RCTTypeSafety (= 0.71.16)
    - React-Codegen (= 0.71.16)
    - React-Core/RCTNetworkHeaders (= 0.71.16)
    - React-jsi (= 0.71.16)
    - ReactCommon/turbomodule/core (= 0.71.16)
  - React-RCTSettings (0.71.16):
    - RCT-Folly (= 2021.07.22.00)
    - RCTTypeSafety (= 0.71.16)
    - React-Codegen (= 0.71.16)
    - React-Core/RCTSettingsHeaders (= 0.71.16)
    - React-jsi (= 0.71.16)
    - ReactCommon/turbomodule/core (= 0.71.16)
  - React-RCTText (0.71.16):
    - React-Core/RCTTextHeaders (= 0.71.16)
  - React-RCTVibration (0.71.16):
    - RCT-Folly (= 2021.07.22.00)
    - React-Codegen (= 0.71.16)
    - React-Core/RCTVibrationHeaders (= 0.71.16)
    - React-jsi (= 0.71.16)
    - ReactCommon/turbomodule/core (= 0.71.16)
  - React-runtimeexecutor (0.71.16):
    - React-jsi (= 0.71.16)
  - ReactCommon/turbomodule/bridging (0.71.16):
    - DoubleConversion
    - glog
    - hermes-engine
    - RCT-Folly (= 2021.07.22.00)
    - React-callinvoker (= 0.71.16)
    - React-Core (= 0.71.16)
    - React-cxxreact (= 0.71.16)
    - React-jsi (= 0.71.16)
    - React-logger (= 0.71.16)
    - React-perflogger (= 0.71.16)
  - ReactCommon/turbomodule/core (0.71.16):
    - DoubleConversion
    - glog
    - hermes-engine
    - RCT-Folly (= 2021.07.22.00)
    - React-callinvoker (= 0.71.16)
    - React-Core (= 0.71.16)
    - React-cxxreact (= 0.71.16)
    - React-jsi (= 0.71.16)
    - React-logger (= 0.71.16)
    - React-perflogger (= 0.71.16)
  - ReactNativeExceptionHandler (2.10.10):
    - React-Core
  - RealmJS (12.6.0):
    - React
  - RNAudioRecorderPlayer (3.6.0):
    - React-Core
  - RNCAsyncStorage (1.19.5):
    - React-Core
  - RNCClipboard (1.11.2):
    - React-Core
  - RNCPicker (2.5.0):
    - React-Core
  - RNDateTimePicker (7.6.0):
    - React-Core
  - RNDeviceInfo (10.12.0):
    - React-Core
  - RNFlashList (1.6.3):
    - React-Core
  - RNFS (2.20.0):
    - React-Core
  - RNGestureHandler (2.13.0):
    - React-Core
  - RNLocalize (2.2.6):
    - React-Core
  - RNPermissions (3.10.0):
    - React-Core
  - RNReanimated (3.5.4):
    - DoubleConversion
    - FBLazyVector
    - FBReactNativeSpec
    - glog
    - hermes-engine
    - RCT-Folly
    - RCTRequired
    - RCTTypeSafety
    - React-callinvoker
    - React-Core
    - React-Core/DevSupport
    - React-Core/RCTWebSocket
    - React-CoreModules
    - React-cxxreact
    - React-hermes
    - React-jsi
    - React-jsiexecutor
    - React-jsinspector
    - React-RCTActionSheet
    - React-RCTAnimation
    - React-RCTBlob
    - React-RCTImage
    - React-RCTLinking
    - React-RCTNetwork
    - React-RCTSettings
    - React-RCTText
    - ReactCommon/turbomodule/core
    - Yoga
  - RNScreens (3.21.1):
    - React-Core
    - React-RCTImage
  - RNShareMenu (6.0.0):
    - React
  - RNSVG (13.14.0):
    - React-Core
  - RNVectorIcons (9.2.0):
    - React-Core
  - VisionCamera (3.9.0):
    - React
    - React-callinvoker
    - React-Core
    - react-native-worklets-core
  - VisionCameraPluginInatVision (2.0.0-beta.0):
    - React-Core
  - Yoga (1.14.0)

DEPENDENCIES:
  - boost (from `../node_modules/react-native/third-party-podspecs/boost.podspec`)
  - BVLinearGradient (from `../node_modules/react-native-linear-gradient`)
  - DoubleConversion (from `../node_modules/react-native/third-party-podspecs/DoubleConversion.podspec`)
  - FBLazyVector (from `../node_modules/react-native/Libraries/FBLazyVector`)
  - FBReactNativeSpec (from `../node_modules/react-native/React/FBReactNativeSpec`)
  - glog (from `../node_modules/react-native/third-party-podspecs/glog.podspec`)
  - hermes-engine (from `../node_modules/react-native/sdks/hermes-engine/hermes-engine.podspec`)
  - libevent (~> 2.1.12)
  - RCT-Folly (from `../node_modules/react-native/third-party-podspecs/RCT-Folly.podspec`)
  - RCTRequired (from `../node_modules/react-native/Libraries/RCTRequired`)
  - RCTTypeSafety (from `../node_modules/react-native/Libraries/TypeSafety`)
  - React (from `../node_modules/react-native/`)
  - React-callinvoker (from `../node_modules/react-native/ReactCommon/callinvoker`)
  - React-Codegen (from `build/generated/ios`)
  - React-Core (from `../node_modules/react-native/`)
  - React-Core/RCTWebSocket (from `../node_modules/react-native/`)
  - React-CoreModules (from `../node_modules/react-native/React/CoreModules`)
  - React-cxxreact (from `../node_modules/react-native/ReactCommon/cxxreact`)
  - React-hermes (from `../node_modules/react-native/ReactCommon/hermes`)
  - React-jsi (from `../node_modules/react-native/ReactCommon/jsi`)
  - React-jsiexecutor (from `../node_modules/react-native/ReactCommon/jsiexecutor`)
  - React-jsinspector (from `../node_modules/react-native/ReactCommon/jsinspector`)
  - React-logger (from `../node_modules/react-native/ReactCommon/logger`)
  - "react-native-cameraroll (from `../node_modules/@react-native-camera-roll/camera-roll`)"
  - react-native-config (from `../node_modules/react-native-config`)
  - react-native-exif-reader (from `../node_modules/react-native-exif-reader`)
  - react-native-geocoder-reborn (from `../node_modules/react-native-geocoder-reborn`)
  - "react-native-geolocation (from `../node_modules/@react-native-community/geolocation`)"
  - react-native-image-picker (from `../node_modules/react-native-image-picker`)
  - "react-native-image-resizer (from `../node_modules/@bam.tech/react-native-image-resizer`)"
  - "react-native-keep-awake (from `../node_modules/@sayem314/react-native-keep-awake`)"
  - react-native-mail (from `../node_modules/react-native-mail`)
  - react-native-maps (from `../node_modules/react-native-maps`)
  - "react-native-netinfo (from `../node_modules/@react-native-community/netinfo`)"
  - react-native-orientation-locker (from `../node_modules/react-native-orientation-locker`)
  - react-native-render-html (from `../node_modules/react-native-render-html`)
  - react-native-safe-area-context (from `../node_modules/react-native-safe-area-context`)
  - react-native-sensitive-info (from `../node_modules/react-native-sensitive-info`)
  - react-native-webview (from `../node_modules/react-native-webview`)
  - react-native-worklets-core (from `../node_modules/react-native-worklets-core`)
  - React-perflogger (from `../node_modules/react-native/ReactCommon/reactperflogger`)
  - React-RCTActionSheet (from `../node_modules/react-native/Libraries/ActionSheetIOS`)
  - React-RCTAnimation (from `../node_modules/react-native/Libraries/NativeAnimation`)
  - React-RCTAppDelegate (from `../node_modules/react-native/Libraries/AppDelegate`)
  - React-RCTBlob (from `../node_modules/react-native/Libraries/Blob`)
  - React-RCTImage (from `../node_modules/react-native/Libraries/Image`)
  - React-RCTLinking (from `../node_modules/react-native/Libraries/LinkingIOS`)
  - React-RCTNetwork (from `../node_modules/react-native/Libraries/Network`)
  - React-RCTSettings (from `../node_modules/react-native/Libraries/Settings`)
  - React-RCTText (from `../node_modules/react-native/Libraries/Text`)
  - React-RCTVibration (from `../node_modules/react-native/Libraries/Vibration`)
  - React-runtimeexecutor (from `../node_modules/react-native/ReactCommon/runtimeexecutor`)
  - ReactCommon/turbomodule/core (from `../node_modules/react-native/ReactCommon`)
  - ReactNativeExceptionHandler (from `../node_modules/react-native-exception-handler`)
  - RealmJS (from `../node_modules/realm`)
  - RNAudioRecorderPlayer (from `../node_modules/react-native-audio-recorder-player`)
  - "RNCAsyncStorage (from `../node_modules/@react-native-async-storage/async-storage`)"
  - "RNCClipboard (from `../node_modules/@react-native-clipboard/clipboard`)"
  - "RNCPicker (from `../node_modules/@react-native-picker/picker`)"
  - "RNDateTimePicker (from `../node_modules/@react-native-community/datetimepicker`)"
  - RNDeviceInfo (from `../node_modules/react-native-device-info`)
  - "RNFlashList (from `../node_modules/@shopify/flash-list`)"
  - RNFS (from `../node_modules/react-native-fs`)
  - RNGestureHandler (from `../node_modules/react-native-gesture-handler`)
  - RNLocalize (from `../node_modules/react-native-localize`)
  - RNPermissions (from `../node_modules/react-native-permissions`)
  - RNReanimated (from `../node_modules/react-native-reanimated`)
  - RNScreens (from `../node_modules/react-native-screens`)
  - RNShareMenu (from `../node_modules/react-native-share-menu`)
  - RNSVG (from `../node_modules/react-native-svg`)
  - RNVectorIcons (from `../node_modules/react-native-vector-icons`)
  - VisionCamera (from `../node_modules/react-native-vision-camera`)
  - VisionCameraPluginInatVision (from `../node_modules/vision-camera-plugin-inatvision`)
  - Yoga (from `../node_modules/react-native/ReactCommon/yoga`)

SPEC REPOS:
  trunk:
    - fmt
    - libevent

EXTERNAL SOURCES:
  boost:
    :podspec: "../node_modules/react-native/third-party-podspecs/boost.podspec"
  BVLinearGradient:
    :path: "../node_modules/react-native-linear-gradient"
  DoubleConversion:
    :podspec: "../node_modules/react-native/third-party-podspecs/DoubleConversion.podspec"
  FBLazyVector:
    :path: "../node_modules/react-native/Libraries/FBLazyVector"
  FBReactNativeSpec:
    :path: "../node_modules/react-native/React/FBReactNativeSpec"
  glog:
    :podspec: "../node_modules/react-native/third-party-podspecs/glog.podspec"
  hermes-engine:
    :podspec: "../node_modules/react-native/sdks/hermes-engine/hermes-engine.podspec"
  RCT-Folly:
    :podspec: "../node_modules/react-native/third-party-podspecs/RCT-Folly.podspec"
  RCTRequired:
    :path: "../node_modules/react-native/Libraries/RCTRequired"
  RCTTypeSafety:
    :path: "../node_modules/react-native/Libraries/TypeSafety"
  React:
    :path: "../node_modules/react-native/"
  React-callinvoker:
    :path: "../node_modules/react-native/ReactCommon/callinvoker"
  React-Codegen:
    :path: build/generated/ios
  React-Core:
    :path: "../node_modules/react-native/"
  React-CoreModules:
    :path: "../node_modules/react-native/React/CoreModules"
  React-cxxreact:
    :path: "../node_modules/react-native/ReactCommon/cxxreact"
  React-hermes:
    :path: "../node_modules/react-native/ReactCommon/hermes"
  React-jsi:
    :path: "../node_modules/react-native/ReactCommon/jsi"
  React-jsiexecutor:
    :path: "../node_modules/react-native/ReactCommon/jsiexecutor"
  React-jsinspector:
    :path: "../node_modules/react-native/ReactCommon/jsinspector"
  React-logger:
    :path: "../node_modules/react-native/ReactCommon/logger"
  react-native-cameraroll:
    :path: "../node_modules/@react-native-camera-roll/camera-roll"
  react-native-config:
    :path: "../node_modules/react-native-config"
  react-native-exif-reader:
    :path: "../node_modules/react-native-exif-reader"
  react-native-geocoder-reborn:
    :path: "../node_modules/react-native-geocoder-reborn"
  react-native-geolocation:
    :path: "../node_modules/@react-native-community/geolocation"
  react-native-image-picker:
    :path: "../node_modules/react-native-image-picker"
  react-native-image-resizer:
    :path: "../node_modules/@bam.tech/react-native-image-resizer"
  react-native-keep-awake:
    :path: "../node_modules/@sayem314/react-native-keep-awake"
  react-native-mail:
    :path: "../node_modules/react-native-mail"
  react-native-maps:
    :path: "../node_modules/react-native-maps"
  react-native-netinfo:
    :path: "../node_modules/@react-native-community/netinfo"
  react-native-orientation-locker:
    :path: "../node_modules/react-native-orientation-locker"
  react-native-render-html:
    :path: "../node_modules/react-native-render-html"
  react-native-safe-area-context:
    :path: "../node_modules/react-native-safe-area-context"
  react-native-sensitive-info:
    :path: "../node_modules/react-native-sensitive-info"
  react-native-webview:
    :path: "../node_modules/react-native-webview"
  react-native-worklets-core:
    :path: "../node_modules/react-native-worklets-core"
  React-perflogger:
    :path: "../node_modules/react-native/ReactCommon/reactperflogger"
  React-RCTActionSheet:
    :path: "../node_modules/react-native/Libraries/ActionSheetIOS"
  React-RCTAnimation:
    :path: "../node_modules/react-native/Libraries/NativeAnimation"
  React-RCTAppDelegate:
    :path: "../node_modules/react-native/Libraries/AppDelegate"
  React-RCTBlob:
    :path: "../node_modules/react-native/Libraries/Blob"
  React-RCTImage:
    :path: "../node_modules/react-native/Libraries/Image"
  React-RCTLinking:
    :path: "../node_modules/react-native/Libraries/LinkingIOS"
  React-RCTNetwork:
    :path: "../node_modules/react-native/Libraries/Network"
  React-RCTSettings:
    :path: "../node_modules/react-native/Libraries/Settings"
  React-RCTText:
    :path: "../node_modules/react-native/Libraries/Text"
  React-RCTVibration:
    :path: "../node_modules/react-native/Libraries/Vibration"
  React-runtimeexecutor:
    :path: "../node_modules/react-native/ReactCommon/runtimeexecutor"
  ReactCommon:
    :path: "../node_modules/react-native/ReactCommon"
  ReactNativeExceptionHandler:
    :path: "../node_modules/react-native-exception-handler"
  RealmJS:
    :path: "../node_modules/realm"
  RNAudioRecorderPlayer:
    :path: "../node_modules/react-native-audio-recorder-player"
  RNCAsyncStorage:
    :path: "../node_modules/@react-native-async-storage/async-storage"
  RNCClipboard:
    :path: "../node_modules/@react-native-clipboard/clipboard"
  RNCPicker:
    :path: "../node_modules/@react-native-picker/picker"
  RNDateTimePicker:
    :path: "../node_modules/@react-native-community/datetimepicker"
  RNDeviceInfo:
    :path: "../node_modules/react-native-device-info"
  RNFlashList:
    :path: "../node_modules/@shopify/flash-list"
  RNFS:
    :path: "../node_modules/react-native-fs"
  RNGestureHandler:
    :path: "../node_modules/react-native-gesture-handler"
  RNLocalize:
    :path: "../node_modules/react-native-localize"
  RNPermissions:
    :path: "../node_modules/react-native-permissions"
  RNReanimated:
    :path: "../node_modules/react-native-reanimated"
  RNScreens:
    :path: "../node_modules/react-native-screens"
  RNShareMenu:
    :path: "../node_modules/react-native-share-menu"
  RNSVG:
    :path: "../node_modules/react-native-svg"
  RNVectorIcons:
    :path: "../node_modules/react-native-vector-icons"
  VisionCamera:
    :path: "../node_modules/react-native-vision-camera"
  VisionCameraPluginInatVision:
    :path: "../node_modules/vision-camera-plugin-inatvision"
  Yoga:
    :path: "../node_modules/react-native/ReactCommon/yoga"

SPEC CHECKSUMS:
  boost: 7dcd2de282d72e344012f7d6564d024930a6a440
  BVLinearGradient: 880f91a7854faff2df62518f0281afb1c60d49a3
  DoubleConversion: 5189b271737e1565bdce30deb4a08d647e3f5f54
  FBLazyVector: 9840513ec2766e31fb9e34c2dabb2c4671400fcd
  FBReactNativeSpec: 76141e46f67b395d7d4e94925dfeba0dbd680ba1
  fmt: ff9d55029c625d3757ed641535fd4a75fedc7ce9
  glog: 04b94705f318337d7ead9e6d17c019bd9b1f6b1b
  hermes-engine: 2382506846564caf4152c45390dc24f08fce7057
  libevent: 4049cae6c81cdb3654a443be001fb9bdceff7913
  RCT-Folly: 424b8c9a7a0b9ab2886ffe9c3b041ef628fd4fb1
  RCTRequired: 44a3cda52ccac0be738fbf43fef90f3546a48c52
  RCTTypeSafety: da7fbf9826fc898ca8b10dc840f2685562039a64
  React: defd955b6d6ffb9791bb66dee08d90b87a8e2c0c
  React-callinvoker: 39ea57213d56ec9c527d51bd0dfb45cbb12ef447
  React-Codegen: 71cbc1bc384f9d19a41e4d00dfd0e7762ec5ef4a
  React-Core: 898cb2f7785640e21d381b23fc64a2904628b368
  React-CoreModules: 7f71e7054395d61585048061a66d67b58d3d27b7
  React-cxxreact: 57fca29dd6995de0ee360980709c4be82d40cda1
  React-hermes: 33229fc1867df496665b36b222a82a0f850bcae1
  React-jsi: 3a55652789df6ddd777cce9601bf000e18d6b9df
  React-jsiexecutor: 9b2a87f674f30da4706af52520e4860974cec149
  React-jsinspector: b3b341764ccda14f3659c00a9bc5b098b334db2b
  React-logger: dc96fadd2f7f6bc38efc3cfb5fef876d4e6290a2
  react-native-cameraroll: fad943a324a4d893c249cabe6d0608c807e0e58f
  react-native-config: 5330c8258265c1e5fdb8c009d2cabd6badd96727
  react-native-exif-reader: b2ad2175125a5d7dbd399ac6bd3bc4ba8753f85a
  react-native-geocoder-reborn: c31cbc630d9307ebbceea1dea2746d0054be35c4
  react-native-geolocation: ef66fb798d96284c6043f0b16c15d9d1d4955db4
  react-native-image-picker: ddbbe4d226d9c82a82360f5de66bf71a657a42e6
  react-native-image-resizer: 681f7607418b97c084ba2d0999b153b103040d8a
  react-native-keep-awake: acbee258db16483744910f0da3ace39eb9ab47fd
  react-native-mail: 8fdcd3aef007c33a6877a18eb4cf7447a1d4ce4a
  react-native-maps: f699e0753c22c4d5c3a44d03895b193a4dbca6c2
  react-native-netinfo: fefd4e98d75cbdd6e85fc530f7111a8afdf2b0c5
  react-native-orientation-locker: 851f6510d8046ea2f14aa169b1e01fcd309a94ba
  react-native-render-html: 984dfe2294163d04bf5fe25d7c9f122e60e05ebe
  react-native-safe-area-context: 2cd91d532de12acdb0a9cbc8d43ac72a8e4c897c
  react-native-sensitive-info: d44e909d065f9c0e15734245e5dd6a24b82e3dcd
  react-native-webview: 9f111dfbcfc826084d6c507f569e5e03342ee1c1
  react-native-worklets-core: a894d572639fcf37c6d284cc799882d25d00c93d
  React-perflogger: c944b06edad34f5ecded0f29a6e66290a005d365
  React-RCTActionSheet: fa467f37777dacba2c72da4be7ae065da4482d7d
  React-RCTAnimation: 0591ee5f9e3d8c864a0937edea2165fe968e7099
  React-RCTAppDelegate: 8b7f60103a83ad1670bda690571e73efddba29a0
  React-RCTBlob: 082e8612f48b0ec12ca6dc949fb7c310593eff83
  React-RCTImage: 6300660ef04d0e8a710ad9ea5d2fb4d9521c200d
  React-RCTLinking: 7703ee1b10d3568c143a489ae74adc419c3f3ef3
  React-RCTNetwork: 5748c647e09c66b918f81ae15ed7474327f653be
  React-RCTSettings: 8c8a84ee363db9cbc287c8b8f2fb782acf7ba414
  React-RCTText: d5e53c0741e3e2df91317781e993b5e42bd70448
  React-RCTVibration: 052dd488ba95f461a37c992b9e01bd4bcc59a7b6
  React-runtimeexecutor: b5abe02558421897cd9f73d4f4b6adb4bc297083
  ReactCommon: a1a263d94f02a0dc8442f341d5a11b3d7a9cd44d
  ReactNativeExceptionHandler: b11ff67c78802b2f62eed0e10e75cb1ef7947c60
  RealmJS: a62dc7a1f94b888fe9e8712cd650167ad97dc636
  RNAudioRecorderPlayer: 4690a7cd9e4fd8e58d9671936a7bc3b686e59051
  RNCAsyncStorage: f2974eca860c16a3e56eea5771fda8d12e2d2057
  RNCClipboard: 3f0451a8100393908bea5c5c5b16f96d45f30bfc
  RNCPicker: 32ca102146bc7d34a8b93a998d9938d9f9ec7898
  RNDateTimePicker: ccd988deb223cbb2e669e157ec576c2c6217128c
  RNDeviceInfo: db5c64a060e66e5db3102d041ebe3ef307a85120
  RNFlashList: 4b4b6b093afc0df60ae08f9cbf6ccd4c836c667a
  RNFS: 4ac0f0ea233904cb798630b3c077808c06931688
  RNGestureHandler: 6e4dc6b7ab3a385386d4e36228bd065e5a611394
  RNLocalize: d4b8af4e442d4bcca54e68fc687a2129b4d71a81
  RNPermissions: 0332875c444efe864dd97071dc848529bd7cc692
  RNReanimated: be07c7ae209074d0e8a84cf38b7909457ac59a32
  RNScreens: d3675ab2878704de70c9dae57fa5d024802404cc
  RNShareMenu: cb9dac548c8bf147d06f0bf07296ad51ea9f5fc3
  RNSVG: d00c8f91c3cbf6d476451313a18f04d220d4f396
  RNVectorIcons: fcc2f6cb32f5735b586e66d14103a74ce6ad61f8
  VisionCamera: 72ec2908dff5de402074d0cfd41932cd33c1fe65
  VisionCameraPluginInatVision: cee8182ce3b30d4a7b84e6f9ab318b252cc16272
  Yoga: e29645ec5a66fb00934fad85338742d1c247d4cb

PODFILE CHECKSUM: 77ed9526d4011b245ce5afa1ea331dea4c67d753

COCOAPODS: 1.14.3
